# THIS IS AN AUTOGENERATED FILE. DO NOT EDIT THIS FILE DIRECTLY.
# yarn lockfile v1


"@5a/css@^0.0.1":
  version "0.0.1"
  resolved "https://registry.npm.taobao.org/@5a/css/download/@5a/css-0.0.1.tgz?cache=0&sync_timestamp=1569167001390&other_urls=https%3A%2F%2Fregistry.npm.taobao.org%2F%405a%2Fcss%2Fdownload%2F%405a%2Fcss-0.0.1.tgz#3e5761f0a80b8380d7437852ac4637f5101054e6"
  integrity sha1-Pldh8KgLg4DXQ3hSrEY39RAQVOY=

typescript@^3.6.3:
  version "3.6.3"
  resolved "https://registry.npm.taobao.org/typescript/download/typescript-3.6.3.tgz#fea942fabb20f7e1ca7164ff626f1a9f3f70b4da"
  integrity sha1-/qlC+rsg9+HKcWT/Ym8anz9wtNo=
